
Microsoft Visual Studio Solution File, Format Version 12.00
# Visual Studio 15
VisualStudioVersion = 15.0.27130.2027
MinimumVisualStudioVersion = 10.0.40219.1
Project("{FAE04EC0-301F-11D3-BF4B-00C04F79EFBC}") = "Aids", "Open\Aids\Aids.csproj", "{10694A63-1AD2-49AD-9085-70748D4D5CE6}"
EndProject
Project("{FAE04EC0-301F-11D3-BF4B-00C04F79EFBC}") = "Core", "Open\Core\Core.csproj", "{7973D7DE-DE92-4B02-8F7E-862DECE68148}"
EndProject
Project("{FAE04EC0-301F-11D3-BF4B-00C04F79EFBC}") = "Data", "Open\Data\Data.csproj", "{9050C062-6A65-41E0-9D76-95FC307CD92F}"
EndProject
Project("{FAE04EC0-301F-11D3-BF4B-00C04F79EFBC}") = "Domain", "Open\Domain\Domain.csproj", "{45851EA0-73C5-4F4C-8A0B-9BC33836A851}"
EndProject
Project("{FAE04EC0-301F-11D3-BF4B-00C04F79EFBC}") = "Facade", "Open\Facade\Facade.csproj", "{AA58F6D8-69BF-4313-A766-D3E85457AB60}"
EndProject
Project("{9A19103F-16F7-4668-BE54-9A1E7A4F7556}") = "Infra", "Open\Infra\Infra.csproj", "{AD2C9608-EEE4-44BA-AB45-4C2A897431DA}"
EndProject
Project("{9A19103F-16F7-4668-BE54-9A1E7A4F7556}") = "Sentry", "Open\Sentry\Sentry.csproj", "{49093BC7-BE59-4EC1-91CB-602ADCEA5ACF}"
EndProject
Project("{9A19103F-16F7-4668-BE54-9A1E7A4F7556}") = "Tests", "Open\Tests\Tests.csproj", "{3BCC7997-8FB3-4EDA-83BA-8757691EC8C1}"
EndProject
Global
	GlobalSection(SolutionConfigurationPlatforms) = preSolution
		Debug|Any CPU = Debug|Any CPU
		Release|Any CPU = Release|Any CPU
	EndGlobalSection
	GlobalSection(ProjectConfigurationPlatforms) = postSolution
		{10694A63-1AD2-49AD-9085-70748D4D5CE6}.Debug|Any CPU.ActiveCfg = Debug|Any CPU
		{10694A63-1AD2-49AD-9085-70748D4D5CE6}.Debug|Any CPU.Build.0 = Debug|Any CPU
		{10694A63-1AD2-49AD-9085-70748D4D5CE6}.Release|Any CPU.ActiveCfg = Release|Any CPU
		{10694A63-1AD2-49AD-9085-70748D4D5CE6}.Release|Any CPU.Build.0 = Release|Any CPU
		{7973D7DE-DE92-4B02-8F7E-862DECE68148}.Debug|Any CPU.ActiveCfg = Debug|Any CPU
		{7973D7DE-DE92-4B02-8F7E-862DECE68148}.Debug|Any CPU.Build.0 = Debug|Any CPU
		{7973D7DE-DE92-4B02-8F7E-862DECE68148}.Release|Any CPU.ActiveCfg = Release|Any CPU
		{7973D7DE-DE92-4B02-8F7E-862DECE68148}.Release|Any CPU.Build.0 = Release|Any CPU
		{9050C062-6A65-41E0-9D76-95FC307CD92F}.Debug|Any CPU.ActiveCfg = Debug|Any CPU
		{9050C062-6A65-41E0-9D76-95FC307CD92F}.Debug|Any CPU.Build.0 = Debug|Any CPU
		{9050C062-6A65-41E0-9D76-95FC307CD92F}.Release|Any CPU.ActiveCfg = Release|Any CPU
		{9050C062-6A65-41E0-9D76-95FC307CD92F}.Release|Any CPU.Build.0 = Release|Any CPU
		{45851EA0-73C5-4F4C-8A0B-9BC33836A851}.Debug|Any CPU.ActiveCfg = Debug|Any CPU
		{45851EA0-73C5-4F4C-8A0B-9BC33836A851}.Debug|Any CPU.Build.0 = Debug|Any CPU
		{45851EA0-73C5-4F4C-8A0B-9BC33836A851}.Release|Any CPU.ActiveCfg = Release|Any CPU
		{45851EA0-73C5-4F4C-8A0B-9BC33836A851}.Release|Any CPU.Build.0 = Release|Any CPU
		{AA58F6D8-69BF-4313-A766-D3E85457AB60}.Debug|Any CPU.ActiveCfg = Debug|Any CPU
		{AA58F6D8-69BF-4313-A766-D3E85457AB60}.Debug|Any CPU.Build.0 = Debug|Any CPU
		{AA58F6D8-69BF-4313-A766-D3E85457AB60}.Release|Any CPU.ActiveCfg = Release|Any CPU
		{AA58F6D8-69BF-4313-A766-D3E85457AB60}.Release|Any CPU.Build.0 = Release|Any CPU
		{AD2C9608-EEE4-44BA-AB45-4C2A897431DA}.Debug|Any CPU.ActiveCfg = Debug|Any CPU
		{AD2C9608-EEE4-44BA-AB45-4C2A897431DA}.Debug|Any CPU.Build.0 = Debug|Any CPU
		{AD2C9608-EEE4-44BA-AB45-4C2A897431DA}.Release|Any CPU.ActiveCfg = Release|Any CPU
		{AD2C9608-EEE4-44BA-AB45-4C2A897431DA}.Release|Any CPU.Build.0 = Release|Any CPU
		{49093BC7-BE59-4EC1-91CB-602ADCEA5ACF}.Debug|Any CPU.ActiveCfg = Debug|Any CPU
		{49093BC7-BE59-4EC1-91CB-602ADCEA5ACF}.Debug|Any CPU.Build.0 = Debug|Any CPU
		{49093BC7-BE59-4EC1-91CB-602ADCEA5ACF}.Release|Any CPU.ActiveCfg = Release|Any CPU
		{49093BC7-BE59-4EC1-91CB-602ADCEA5ACF}.Release|Any CPU.Build.0 = Release|Any CPU
		{3BCC7997-8FB3-4EDA-83BA-8757691EC8C1}.Debug|Any CPU.ActiveCfg = Debug|Any CPU
		{3BCC7997-8FB3-4EDA-83BA-8757691EC8C1}.Debug|Any CPU.Build.0 = Debug|Any CPU
		{3BCC7997-8FB3-4EDA-83BA-8757691EC8C1}.Release|Any CPU.ActiveCfg = Release|Any CPU
		{3BCC7997-8FB3-4EDA-83BA-8757691EC8C1}.Release|Any CPU.Build.0 = Release|Any CPU
	EndGlobalSection
	GlobalSection(SolutionProperties) = preSolution
		HideSolutionNode = FALSE
	EndGlobalSection
	GlobalSection(ExtensibilityGlobals) = postSolution
		SolutionGuid = {998E8E4C-2B66-471B-9860-FD78AE0386A4}
	EndGlobalSection
EndGlobal
